
Microsoft Visual Studio Solution File, Format Version 12.00
# Visual Studio Version 16
VisualStudioVersion = 16.0.32929.386
MinimumVisualStudioVersion = 10.0.40219.1
Project("{9A19103F-16F7-4668-BE54-9A1E7A4F7556}") = "YazilimSinama_Prj", "YazilimSinama_Prj.csproj", "{C588151F-A0A6-42E6-B2DD-3C42DDB62962}"
EndProject
Global
	GlobalSection(SolutionConfigurationPlatforms) = preSolution
		Debug|Any CPU = Debug|Any CPU
		Release|Any CPU = Release|Any CPU
	EndGlobalSection
	GlobalSection(ProjectConfigurationPlatforms) = postSolution
		{C588151F-A0A6-42E6-B2DD-3C42DDB62962}.Debug|Any CPU.ActiveCfg = Debug|Any CPU
		{C588151F-A0A6-42E6-B2DD-3C42DDB62962}.Debug|Any CPU.Build.0 = Debug|Any CPU
		{C588151F-A0A6-42E6-B2DD-3C42DDB62962}.Release|Any CPU.ActiveCfg = Release|Any CPU
		{C588151F-A0A6-42E6-B2DD-3C42DDB62962}.Release|Any CPU.Build.0 = Release|Any CPU
	EndGlobalSection
	GlobalSection(SolutionProperties) = preSolution
		HideSolutionNode = FALSE
	EndGlobalSection
	GlobalSection(ExtensibilityGlobals) = postSolution
		SolutionGuid = {2D8AF59A-3BF2-487B-A408-CDF5C793926D}
	EndGlobalSection
EndGlobal
